{
  "lockfileVersion": 1,
  "dependencies": {
    "callsite": {
      "version": "1.0.0",
      "resolved": "https://registry.npmjs.org/callsite/-/callsite-1.0.0.tgz",
      "integrity": "sha1-KAOY5dZkvXQDi28JBRU+borxvCA="
    },
    "commondir": {
      "version": "1.0.1",
      "resolved": "https://registry.npmjs.org/commondir/-/commondir-1.0.1.tgz",
      "integrity": "sha1-3dgA2gxmEnOTzKWVDqloo6rxJTs="
    },
    "core-js": {
      "version": "2.4.1",
      "resolved": "https://registry.npmjs.org/core-js/-/core-js-2.4.1.tgz",
      "integrity": "sha1-TekR5mew6ukSTjQlS1OupvxhjT4="
    },
    "decache": {
      "version": "4.1.0",
      "resolved": "https://registry.npmjs.org/decache/-/decache-4.1.0.tgz",
      "integrity": "sha1-IDfV7fdW3aIwyFAjZZ58PR1uAQU="
    },
    "default-require-extensions": {
      "version": "1.0.0",
      "resolved": "https://registry.npmjs.org/default-require-extensions/-/default-require-extensions-1.0.0.tgz",
      "integrity": "sha1-836hXT4T/9m0N9M+GnW1+5eHTLg="
    },
    "find-cache-dir": {
      "version": "0.1.1",
      "resolved": "https://registry.npmjs.org/find-cache-dir/-/find-cache-dir-0.1.1.tgz",
      "integrity": "sha1-yN765XyKUqinhPnjHFfHQumToLk="
    },
    "find-up": {
      "version": "1.1.2",
      "resolved": "https://registry.npmjs.org/find-up/-/find-up-1.1.2.tgz",
      "integrity": "sha1-ay6YIrGizgpgq2TWEOzK1TyyTQ8="
    },
    "home-or-tmp": {
      "version": "3.0.0",
      "resolved": "https://registry.npmjs.org/home-or-tmp/-/home-or-tmp-3.0.0.tgz",
      "integrity": "sha1-V6j+JM8zzdUkhgoVgh3cJchmcfs="
    },
    "is-utf8": {
      "version": "0.2.1",
      "resolved": "https://registry.npmjs.org/is-utf8/-/is-utf8-0.2.1.tgz",
      "integrity": "sha1-Sw2hRCEE0bM2NA6AeX6GXPOffXI="
    },
    "lodash": {
      "version": "4.17.4",
      "resolved": "https://registry.npmjs.org/lodash/-/lodash-4.17.4.tgz",
      "integrity": "sha1-eCA6TRwyiuHYbcpkYONptX9AVa4="
    },
    "minimist": {
      "version": "0.0.8",
      "resolved": "https://registry.npmjs.org/minimist/-/minimist-0.0.8.tgz",
      "integrity": "sha1-hX/Kv8M5fSYluCKCYuhqp6ARsF0="
    },
    "mkdirp": {
      "version": "0.5.1",
      "resolved": "https://registry.npmjs.org/mkdirp/-/mkdirp-0.5.1.tgz",
      "integrity": "sha1-MAV0OOrGz3+MR2fzhkjWaX11yQM="
    },
    "node-modules-regexp": {
      "version": "1.0.0",
      "resolved": "https://registry.npmjs.org/node-modules-regexp/-/node-modules-regexp-1.0.0.tgz",
      "integrity": "sha1-jZ2+KJZKSsVxLpExZCEHxx6Q7EA="
    },
    "path-exists": {
      "version": "2.1.0",
      "resolved": "https://registry.npmjs.org/path-exists/-/path-exists-2.1.0.tgz",
      "integrity": "sha1-D+tsZPD8UY2adU3V77YscCJ2H0s="
    },
    "pinkie": {
      "version": "2.0.4",
      "resolved": "https://registry.npmjs.org/pinkie/-/pinkie-2.0.4.tgz",
      "integrity": "sha1-clVrgM+g1IqXToDnckjoDtT3+HA="
    },
    "pinkie-promise": {
      "version": "2.0.1",
      "resolved": "https://registry.npmjs.org/pinkie-promise/-/pinkie-promise-2.0.1.tgz",
      "integrity": "sha1-ITXW36ejWMBprJsXh3YogihFD/o="
    },
    "pirates": {
      "version": "3.0.1",
      "resolved": "https://registry.npmjs.org/pirates/-/pirates-3.0.1.tgz",
      "integrity": "sha1-ioe/mrf1jWw97uahociS/+gjgR8="
    },
    "pkg-dir": {
      "version": "1.0.0",
      "resolved": "https://registry.npmjs.org/pkg-dir/-/pkg-dir-1.0.0.tgz",
      "integrity": "sha1-ektQio1bstYp1EcFb/TpyTFM89Q="
    },
    "source-map": {
      "version": "0.5.6",
      "resolved": "https://registry.npmjs.org/source-map/-/source-map-0.5.6.tgz",
      "integrity": "sha1-dc449SvwczxafwwRjYEzSiu19BI="
    },
    "source-map-support": {
      "version": "0.4.15",
      "resolved": "https://registry.npmjs.org/source-map-support/-/source-map-support-0.4.15.tgz",
      "integrity": "sha1-AyAt9lwG0r2MfsI2KhkwVv7407E="
    },
    "strip-bom": {
      "version": "2.0.0",
      "resolved": "https://registry.npmjs.org/strip-bom/-/strip-bom-2.0.0.tgz",
      "integrity": "sha1-YhmoVhZSBJHzV4i9vxRHqZx+aw4="
    }
  }
}
