# THIS IS AN AUTOGENERATED FILE. DO NOT EDIT THIS FILE DIRECTLY.
# yarn lockfile v1


charcodes@^0.2.0:
  version "0.2.0"
  resolved "https://registry.yarnpkg.com/charcodes/-/charcodes-0.2.0.tgz#5208d327e6cc05f99eb80ffc814707572d1f14e4"
  integrity sha512-Y4kiDb+AM4Ecy58YkuZrrSRJBDQdQ2L+NyS1vHHFtNtUjgutcZfx3yp1dAONI/oPaPmyGfCLx5CxL+zauIMyKQ==

unicode-13.0.0@^0.8.0:
  version "0.8.0"
  resolved "https://registry.yarnpkg.com/unicode-13.0.0/-/unicode-13.0.0-0.8.0.tgz#4f30f98240e246d14e142c7a57febcdc197c3bca"
  integrity sha512-Ekct2eo5hBIp/29ERCj1ABIBNnrFOAisNHFv8l2KksHJg4PurIN/nGPFItaIpBJHVzlBYuJaVx/bAvmJnFFL/w==
