{
  "lockfileVersion": 1,
  "dependencies": {
    "arr-diff": {
      "version": "2.0.0",
      "resolved": "https://registry.npmjs.org/arr-diff/-/arr-diff-2.0.0.tgz",
      "integrity": "sha1-jzuCf5Vai9ZpaX5KQlasPOrjVs8="
    },
    "arr-flatten": {
      "version": "1.1.0",
      "resolved": "https://registry.npmjs.org/arr-flatten/-/arr-flatten-1.1.0.tgz",
      "integrity": "sha512-L3hKV5R/p5o81R7O02IGnwpDmkp6E982XhtbuwSe3O4qOtMMMtodicASA1Cny2U+aCXcNpml+m4dPsvsJ3jatg=="
    },
    "array-unique": {
      "version": "0.2.1",
      "resolved": "https://registry.npmjs.org/array-unique/-/array-unique-0.2.1.tgz",
      "integrity": "sha1-odl8yvy8JiXMcPrc6zalDFiwGlM="
    },
    "babylon": {
      "version": "7.0.0-beta.15",
      "resolved": "https://registry.npmjs.org/babylon/-/babylon-7.0.0-beta.15.tgz",
      "integrity": "sha1-QQNIvNIa9HClWr6paYycZR2H8cY="
    },
    "braces": {
      "version": "1.8.5",
      "resolved": "https://registry.npmjs.org/braces/-/braces-1.8.5.tgz",
      "integrity": "sha1-uneWLhLf+WnWt2cR6RS3N4V79qc="
    },
    "convert-source-map": {
      "version": "1.5.0",
      "resolved": "https://registry.npmjs.org/convert-source-map/-/convert-source-map-1.5.0.tgz",
      "integrity": "sha1-ms1whRxtXf3ZPZKC5e35SgP/RrU="
    },
    "debug": {
      "version": "2.6.8",
      "resolved": "https://registry.npmjs.org/debug/-/debug-2.6.8.tgz",
      "integrity": "sha1-5zFTHKLt4n0YgiJCfaF4IdaP9Pw="
    },
    "expand-brackets": {
      "version": "0.1.5",
      "resolved": "https://registry.npmjs.org/expand-brackets/-/expand-brackets-0.1.5.tgz",
      "integrity": "sha1-3wcoTjQqgHzXM6xa9yQR5YHRF3s="
    },
    "expand-range": {
      "version": "1.8.2",
      "resolved": "https://registry.npmjs.org/expand-range/-/expand-range-1.8.2.tgz",
      "integrity": "sha1-opnv/TNf4nIeuujiV+x5ZE/IUzc="
    },
    "extglob": {
      "version": "0.3.2",
      "resolved": "https://registry.npmjs.org/extglob/-/extglob-0.3.2.tgz",
      "integrity": "sha1-Lhj/PS9JqydlzskCPwEdqo2DSaE="
    },
    "filename-regex": {
      "version": "2.0.1",
      "resolved": "https://registry.npmjs.org/filename-regex/-/filename-regex-2.0.1.tgz",
      "integrity": "sha1-wcS5vuPglyXdsQa3XB4wH+LxiyY="
    },
    "fill-range": {
      "version": "2.2.3",
      "resolved": "https://registry.npmjs.org/fill-range/-/fill-range-2.2.3.tgz",
      "integrity": "sha1-ULd9/X5Gm8dJJHCWNpn+eoSFpyM="
    },
    "for-in": {
      "version": "1.0.2",
      "resolved": "https://registry.npmjs.org/for-in/-/for-in-1.0.2.tgz",
      "integrity": "sha1-gQaNKVqBQuwKxybG4iAMMPttXoA="
    },
    "for-own": {
      "version": "0.1.5",
      "resolved": "https://registry.npmjs.org/for-own/-/for-own-0.1.5.tgz",
      "integrity": "sha1-UmXGgaTylNq78XyVCbZ2OqhFEM4="
    },
    "glob-base": {
      "version": "0.3.0",
      "resolved": "https://registry.npmjs.org/glob-base/-/glob-base-0.3.0.tgz",
      "integrity": "sha1-27Fk9iIbHAscz4Kuoyi0l98Oo8Q="
    },
    "glob-parent": {
      "version": "2.0.0",
      "resolved": "https://registry.npmjs.org/glob-parent/-/glob-parent-2.0.0.tgz",
      "integrity": "sha1-gTg9ctsFT8zPUzbaqQLxgvbtuyg="
    },
    "is-buffer": {
      "version": "1.1.5",
      "resolved": "https://registry.npmjs.org/is-buffer/-/is-buffer-1.1.5.tgz",
      "integrity": "sha1-Hzsm72E7IUuIy8ojzGwB2Hlh7sw="
    },
    "is-dotfile": {
      "version": "1.0.3",
      "resolved": "https://registry.npmjs.org/is-dotfile/-/is-dotfile-1.0.3.tgz",
      "integrity": "sha1-pqLzL/0t+wT1yiXs0Pa4PPeYoeE="
    },
    "is-equal-shallow": {
      "version": "0.1.3",
      "resolved": "https://registry.npmjs.org/is-equal-shallow/-/is-equal-shallow-0.1.3.tgz",
      "integrity": "sha1-IjgJj8Ih3gvPpdnqxMRdY4qhxTQ="
    },
    "is-extendable": {
      "version": "0.1.1",
      "resolved": "https://registry.npmjs.org/is-extendable/-/is-extendable-0.1.1.tgz",
      "integrity": "sha1-YrEQ4omkcUGOPsNqYX1HLjAd/Ik="
    },
    "is-extglob": {
      "version": "1.0.0",
      "resolved": "https://registry.npmjs.org/is-extglob/-/is-extglob-1.0.0.tgz",
      "integrity": "sha1-rEaBd8SUNAWgkvyPKXYMb/xiBsA="
    },
    "is-glob": {
      "version": "2.0.1",
      "resolved": "https://registry.npmjs.org/is-glob/-/is-glob-2.0.1.tgz",
      "integrity": "sha1-0Jb5JqPe1WAPP9/ZEZjLCIjC2GM="
    },
    "is-number": {
      "version": "2.1.0",
      "resolved": "https://registry.npmjs.org/is-number/-/is-number-2.1.0.tgz",
      "integrity": "sha1-Afy7s5NGOlSPL0ZszhbezknbkI8="
    },
    "is-posix-bracket": {
      "version": "0.1.1",
      "resolved": "https://registry.npmjs.org/is-posix-bracket/-/is-posix-bracket-0.1.1.tgz",
      "integrity": "sha1-MzTceXdDaOkvAW5vvAqI9c1ua8Q="
    },
    "is-primitive": {
      "version": "2.0.0",
      "resolved": "https://registry.npmjs.org/is-primitive/-/is-primitive-2.0.0.tgz",
      "integrity": "sha1-IHurkWOEmcB7Kt8kCkGochADRXU="
    },
    "isarray": {
      "version": "1.0.0",
      "resolved": "https://registry.npmjs.org/isarray/-/isarray-1.0.0.tgz",
      "integrity": "sha1-u5NdSFgsuhaMBoNJV6VKPgcSTxE="
    },
    "isobject": {
      "version": "2.1.0",
      "resolved": "https://registry.npmjs.org/isobject/-/isobject-2.1.0.tgz",
      "integrity": "sha1-8GVWEJaj8dou9GJy+BXIQNh+DIk="
    },
    "json5": {
      "version": "0.5.1",
      "resolved": "https://registry.npmjs.org/json5/-/json5-0.5.1.tgz",
      "integrity": "sha1-Hq3nrMASA0rYTiOWdn6tn6VJWCE="
    },
    "kind-of": {
      "version": "3.2.2",
      "resolved": "https://registry.npmjs.org/kind-of/-/kind-of-3.2.2.tgz",
      "integrity": "sha1-MeohpzS6ubuw8yRm2JOupR5KPGQ="
    },
    "lodash": {
      "version": "4.17.4",
      "resolved": "https://registry.npmjs.org/lodash/-/lodash-4.17.4.tgz",
      "integrity": "sha1-eCA6TRwyiuHYbcpkYONptX9AVa4="
    },
    "micromatch": {
      "version": "2.3.11",
      "resolved": "https://registry.npmjs.org/micromatch/-/micromatch-2.3.11.tgz",
      "integrity": "sha1-hmd8l9FyCzY0MdBNDRUpO9OMFWU="
    },
    "ms": {
      "version": "2.0.0",
      "resolved": "https://registry.npmjs.org/ms/-/ms-2.0.0.tgz",
      "integrity": "sha1-VgiurfwAvmwpAd9fmGF4jeDVl8g="
    },
    "normalize-path": {
      "version": "2.1.1",
      "resolved": "https://registry.npmjs.org/normalize-path/-/normalize-path-2.1.1.tgz",
      "integrity": "sha1-GrKLVW4Zg2Oowab35vogE3/mrtk="
    },
    "object.omit": {
      "version": "2.0.1",
      "resolved": "https://registry.npmjs.org/object.omit/-/object.omit-2.0.1.tgz",
      "integrity": "sha1-Gpx0SCnznbuFjHbKNXmuKlTr0fo="
    },
    "parse-glob": {
      "version": "3.0.4",
      "resolved": "https://registry.npmjs.org/parse-glob/-/parse-glob-3.0.4.tgz",
      "integrity": "sha1-ssN2z7EfNVE7rdFz7wu246OIORw="
    },
    "path-parse": {
      "version": "1.0.5",
      "resolved": "https://registry.npmjs.org/path-parse/-/path-parse-1.0.5.tgz",
      "integrity": "sha1-PBrfhx6pzWyUMbbqK9dKD/BVxME="
    },
    "preserve": {
      "version": "0.2.0",
      "resolved": "https://registry.npmjs.org/preserve/-/preserve-0.2.0.tgz",
      "integrity": "sha1-gV7R9uvGWSb4ZbMQwHE7yzMVzks="
    },
    "randomatic": {
      "version": "1.1.7",
      "resolved": "https://registry.npmjs.org/randomatic/-/randomatic-1.1.7.tgz",
      "integrity": "sha512-D5JUjPyJbaJDkuAazpVnSfVkLlpeO3wDlPROTMLGKG1zMFNFRgrciKo1ltz/AzNTkqE0HzDx655QOL51N06how==",
      "dependencies": {
        "is-number": {
          "version": "3.0.0",
          "resolved": "https://registry.npmjs.org/is-number/-/is-number-3.0.0.tgz",
          "integrity": "sha1-JP1iAaR4LPUFYcgQJ2r8fRLXEZU=",
          "dependencies": {
            "kind-of": {
              "version": "3.2.2",
              "resolved": "https://registry.npmjs.org/kind-of/-/kind-of-3.2.2.tgz",
              "integrity": "sha1-MeohpzS6ubuw8yRm2JOupR5KPGQ="
            }
          }
        },
        "kind-of": {
          "version": "4.0.0",
          "resolved": "https://registry.npmjs.org/kind-of/-/kind-of-4.0.0.tgz",
          "integrity": "sha1-IIE989cSkosgc3hpGkUGb65y3Vc="
        }
      }
    },
    "regex-cache": {
      "version": "0.4.3",
      "resolved": "https://registry.npmjs.org/regex-cache/-/regex-cache-0.4.3.tgz",
      "integrity": "sha1-mxpsNdTQ3871cRrmUejp09cRQUU="
    },
    "remove-trailing-separator": {
      "version": "1.0.2",
      "resolved": "https://registry.npmjs.org/remove-trailing-separator/-/remove-trailing-separator-1.0.2.tgz",
      "integrity": "sha1-abBi2XhyetFNxrVrpKt3L9jXBRE="
    },
    "repeat-element": {
      "version": "1.1.2",
      "resolved": "https://registry.npmjs.org/repeat-element/-/repeat-element-1.1.2.tgz",
      "integrity": "sha1-7wiaF40Ug7quTZPrmLT55OEdmQo="
    },
    "repeat-string": {
      "version": "1.6.1",
      "resolved": "https://registry.npmjs.org/repeat-string/-/repeat-string-1.6.1.tgz",
      "integrity": "sha1-jcrkcOHIirwtYA//Sndihtp15jc="
    },
    "resolve": {
      "version": "1.3.3",
      "resolved": "https://registry.npmjs.org/resolve/-/resolve-1.3.3.tgz",
      "integrity": "sha1-ZVkHw0aahoDcLeOidaj91paR8OU="
    },
    "source-map": {
      "version": "0.5.6",
      "resolved": "https://registry.npmjs.org/source-map/-/source-map-0.5.6.tgz",
      "integrity": "sha1-dc449SvwczxafwwRjYEzSiu19BI="
    }
  }
}
