# THIS IS AN AUTOGENERATED FILE. DO NOT EDIT THIS FILE DIRECTLY.
# yarn lockfile v1


core-js-pure@^3.0.0:
  version "3.6.5"
  resolved "https://registry.yarnpkg.com/core-js-pure/-/core-js-pure-3.6.5.tgz#c79e75f5e38dbc85a662d91eea52b8256d53b813"
  integrity sha512-lacdXOimsiD0QyNf9BC/mxivNJ/ybBGJXQFKzRekp1WTHoVUWsUHEn+2T8GJAzzIhyOuXA+gOxCVN3l+5PLPUA==

regenerator-runtime@^0.13.4:
  version "0.13.5"
  resolved "https://registry.yarnpkg.com/regenerator-runtime/-/regenerator-runtime-0.13.5.tgz#d878a1d094b4306d10b9096484b33ebd55e26697"
  integrity sha512-ZS5w8CpKFinUzOwW3c83oPeVXoNsrLsaCoLtJvAClH135j/R77RuymhiSErhm2lKcwSCIpmvIWSbDkIfAqKQlA==
