{
  "lockfileVersion": 1,
  "dependencies": {
    "jsesc": {
      "version": "0.5.0",
      "resolved": "https://registry.npmjs.org/jsesc/-/jsesc-0.5.0.tgz",
      "integrity": "sha1-597mbjXW/Bb3EP6R1c9p9w8IkR0="
    },
    "regenerate": {
      "version": "1.3.2",
      "resolved": "https://registry.npmjs.org/regenerate/-/regenerate-1.3.2.tgz",
      "integrity": "sha1-0ZQcZ7rUN+G+dkM63Vs4X5WxkmA="
    },
    "regenerate-unicode-properties": {
      "version": "5.1.0",
      "resolved": "https://registry.npmjs.org/regenerate-unicode-properties/-/regenerate-unicode-properties-5.1.0.tgz",
      "integrity": "sha512-xqlmGBklpiDwqLSkXK4xz0rvr3iIQqMt/HsqA3GWei0wpIcybLoujLppewotKaxzV4KwMcMlunj7c89PIeyv+g=="
    },
    "regexpu-core": {
      "version": "4.1.1",
      "resolved": "https://registry.npmjs.org/regexpu-core/-/regexpu-core-4.1.1.tgz",
      "integrity": "sha512-7GxoLPMhj0ng8DOtWHeTFTXna911T05C3Mm5z7W7ODgX6vIAMfCgnWpmMplzraOtv9Fbu5J4gHhuMCKE+Xzsqg=="
    },
    "regjsgen": {
      "version": "0.3.0",
      "resolved": "https://registry.npmjs.org/regjsgen/-/regjsgen-0.3.0.tgz",
      "integrity": "sha1-DuSj6SdkMM2iXx54nqbBW4ewy0M="
    },
    "regjsparser": {
      "version": "0.2.1",
      "resolved": "https://registry.npmjs.org/regjsparser/-/regjsparser-0.2.1.tgz",
      "integrity": "sha1-w3h1U/rwTndcMCEC7zRtmVAA7Bw="
    },
    "unicode-canonical-property-names-ecmascript": {
      "version": "1.0.1",
      "resolved": "https://registry.npmjs.org/unicode-canonical-property-names-ecmascript/-/unicode-canonical-property-names-ecmascript-1.0.1.tgz",
      "integrity": "sha512-c9juFqQ+es3yrZYrWPgykz4RjhTNv5PEneMmNEXGTAw6RqiCzSl1w4uDB9rxCGasiovwzBeGitMJYO+u9jU7Zg=="
    },
    "unicode-match-property-ecmascript": {
      "version": "1.0.2",
      "resolved": "https://registry.npmjs.org/unicode-match-property-ecmascript/-/unicode-match-property-ecmascript-1.0.2.tgz",
      "integrity": "sha512-1jUYUJTBqPjcSd5fzO5u7Q0QlFMgGZWyN8DgQL1VkvhLn3Ai4gAyzIB9o9D03PMJJ2SFoDyE7x8aVl3whPjuZg=="
    },
    "unicode-match-property-value-ecmascript": {
      "version": "1.0.1",
      "resolved": "https://registry.npmjs.org/unicode-match-property-value-ecmascript/-/unicode-match-property-value-ecmascript-1.0.1.tgz",
      "integrity": "sha512-lM8B0FDZQh9yYGgiabRQcyWicB27VLOolSBRIxsO7FeQPtg+79Oe7sC8Mzr8BObDs+G9CeYmC/shHo6OggNEog=="
    },
    "unicode-property-aliases-ecmascript": {
      "version": "1.0.3",
      "resolved": "https://registry.npmjs.org/unicode-property-aliases-ecmascript/-/unicode-property-aliases-ecmascript-1.0.3.tgz",
      "integrity": "sha512-TdDmDOTxEf2ad1g3ZBpM6cqKIb2nJpVlz1Q++casDryKz18tpeMBhSng9hjC1CTQCkOV9Rw2knlSB6iRo7ad1w=="
    }
  }
}
