{
  "lockfileVersion": 1,
  "dependencies": {
    "lodash": {
      "version": "4.17.4",
      "resolved": "https://registry.npmjs.org/lodash/-/lodash-4.17.4.tgz",
      "integrity": "sha1-eCA6TRwyiuHYbcpkYONptX9AVa4="
    },
    "semver": {
      "version": "5.3.0",
      "resolved": "https://registry.npmjs.org/semver/-/semver-5.3.0.tgz",
      "integrity": "sha1-myzl094C0XxgEq0yaqa00M9U+U8="
    },
    "try-resolve": {
      "version": "1.0.1",
      "resolved": "https://registry.npmjs.org/try-resolve/-/try-resolve-1.0.1.tgz",
      "integrity": "sha1-z95vq9ctY+V5fPqrhzq76OcA6RI="
    }
  }
}
