{
  "lockfileVersion": 1,
  "dependencies": {
    "babylon": {
      "version": "7.0.0-beta.13",
      "resolved": "https://registry.npmjs.org/babylon/-/babylon-7.0.0-beta.13.tgz",
      "integrity": "sha1-EkJcG/2UmL5BkCHtNrQ/5PAonAo="
    },
    "lodash": {
      "version": "4.17.4",
      "resolved": "https://registry.npmjs.org/lodash/-/lodash-4.17.4.tgz",
      "integrity": "sha1-eCA6TRwyiuHYbcpkYONptX9AVa4="
    }
  }
}
