{
  "lockfileVersion": 1,
  "dependencies": {
    "core-js": {
      "version": "2.4.1",
      "resolved": "https://registry.npmjs.org/core-js/-/core-js-2.4.1.tgz",
      "integrity": "sha1-TekR5mew6ukSTjQlS1OupvxhjT4="
    },
    "regenerator-runtime": {
      "version": "0.10.5",
      "resolved": "https://registry.npmjs.org/regenerator-runtime/-/regenerator-runtime-0.10.5.tgz",
      "integrity": "sha1-M2w+/BIgrc7dosn6tntaeVWjNlg="
    }
  }
}
