name: Lock Threads

on:
  schedule:
    - cron: '0 4 * * *'

permissions:
  contents: read

jobs:
  lock:
    permissions:
      issues: write  # for dessant/lock-threads to lock issues
      pull-requests: write  # for dessant/lock-threads to lock PRs
    runs-on: ubuntu-latest
    steps:
      - uses: dessant/lock-threads@v2
        with:
          github-token: ${{ github.token }}
          issue-lock-inactive-days: '91'
          issue-lock-labels: 'outdated'
          pr-lock-inactive-days: '91'
          pr-lock-labels: 'outdated'
