# THIS IS AN AUTOGENERATED FILE. DO NOT EDIT THIS FILE DIRECTLY.
# yarn lockfile v1


"@babel/compat-data@^7.10.4":
  version "7.10.5"
  resolved "https://registry.yarnpkg.com/@babel/compat-data/-/compat-data-7.10.5.tgz#d38425e67ea96b1480a3f50404d1bf85676301a6"
  integrity sha512-mPVoWNzIpYJHbWje0if7Ck36bpbtTvIxOi9+6WSK9wjGEXearAqlwBoTQvVjsAY2VIwgcs8V940geY3okzRCEw==
  dependencies:
    browserslist "^4.12.0"
    invariant "^2.2.4"
    semver "^5.5.0"

"@babel/helper-compilation-targets@^7.10.4":
  version "7.10.4"
  resolved "https://registry.yarnpkg.com/@babel/helper-compilation-targets/-/helper-compilation-targets-7.10.4.tgz#804ae8e3f04376607cc791b9d47d540276332bd2"
  integrity sha512-a3rYhlsGV0UHNDvrtOXBg8/OpfV0OKTkxKPzIplS1zpx7CygDcWWxckxZeDd3gzPzC4kUT0A4nVFDK0wGMh4MQ==
  dependencies:
    "@babel/compat-data" "^7.10.4"
    browserslist "^4.12.0"
    invariant "^2.2.4"
    levenary "^1.1.1"
    semver "^5.5.0"

browserslist@^4.12.0:
  version "4.12.0"
  resolved "https://registry.yarnpkg.com/browserslist/-/browserslist-4.12.0.tgz#06c6d5715a1ede6c51fc39ff67fd647f740b656d"
  integrity sha512-UH2GkcEDSI0k/lRkuDSzFl9ZZ87skSy9w2XAn1MsZnL+4c4rqbBd3e82UWHbYDpztABrPBhZsTEeuxVfHppqDg==
  dependencies:
    caniuse-lite "^1.0.30001043"
    electron-to-chromium "^1.3.413"
    node-releases "^1.1.53"
    pkg-up "^2.0.0"

caniuse-lite@^1.0.30001043:
  version "1.0.30001053"
  resolved "https://registry.yarnpkg.com/caniuse-lite/-/caniuse-lite-1.0.30001053.tgz#b7ae027567ce2665b965b0437e4512b296ccd20d"
  integrity sha512-HtV4wwIZl6GA4Oznse8aR274XUOYGZnQLcf/P8vHgmlfqSNelwD+id8CyHOceqLqt9yfKmo7DUZTh1EuS9pukg==

electron-to-chromium@1.3.377:
  version "1.3.377"
  resolved "https://registry.yarnpkg.com/electron-to-chromium/-/electron-to-chromium-1.3.377.tgz#b49d420b36ee6c48b0cd3137bfc7fec75f369b2e"
  integrity sha512-cm2WzMKf/3dW5+hNANKm8GAW6SwIWOqLTJ6GPCD0Bbw1qJ9Wzm9nmx9M+byzSsgw8CdCv5fb/wzLFqVS5h6QrA==

electron-to-chromium@^1.3.413:
  version "1.3.430"
  resolved "https://registry.yarnpkg.com/electron-to-chromium/-/electron-to-chromium-1.3.430.tgz#33914f7c2db771bdcf30977bd4fd6258ee8a2f37"
  integrity sha512-HMDYkANGhx6vfbqpOf/hc6hWEmiOipOHGDeRDeUb3HLD3XIWpvKQxFgWf0tgHcr3aNv6I/8VPecplqmQsXoZSw==

extend@3.0.2:
  version "3.0.2"
  resolved "https://registry.yarnpkg.com/extend/-/extend-3.0.2.tgz#f8b1136b4071fbd8eb140aff858b1019ec2915fa"
  integrity sha512-fjquC59cD7CyW6urNXK0FBufkZcoiGG80wTuPujX590cB5Ttln20E2UB4S/WARVqhXffZl2LNgS+gQdPIIim/g==

find-up@^2.1.0:
  version "2.1.0"
  resolved "https://registry.yarnpkg.com/find-up/-/find-up-2.1.0.tgz#45d1b7e506c717ddd482775a2b77920a3c0c57a7"
  integrity sha1-RdG35QbHF93UgndaK3eSCjwMV6c=
  dependencies:
    locate-path "^2.0.0"

invariant@^2.2.4:
  version "2.2.4"
  resolved "https://registry.yarnpkg.com/invariant/-/invariant-2.2.4.tgz#610f3c92c9359ce1db616e538008d23ff35158e6"
  integrity sha512-phJfQVBuaJM5raOpJjSfkiD6BpbCE4Ns//LaXl6wGYtUBY83nWS6Rf9tXm2e8VaK60JEjYldbPif/A2B1C2gNA==
  dependencies:
    loose-envify "^1.0.0"

"js-tokens@^3.0.0 || ^4.0.0":
  version "4.0.0"
  resolved "https://registry.yarnpkg.com/js-tokens/-/js-tokens-4.0.0.tgz#19203fb59991df98e3a287050d4647cdeaf32499"
  integrity sha512-RdJUflcE3cUzKiMqQgsCu06FPu9UdIJO0beYbPhHN4k6apgJtifcoCtT9bcxOpYBtpD2kCM6Sbzg4CausW/PKQ==

leven@^3.1.0:
  version "3.1.0"
  resolved "https://registry.yarnpkg.com/leven/-/leven-3.1.0.tgz#77891de834064cccba82ae7842bb6b14a13ed7f2"
  integrity sha512-qsda+H8jTaUaN/x5vzW2rzc+8Rw4TAQ/4KjB46IwK5VH+IlVeeeje/EoZRpiXvIqjFgK84QffqPztGI3VBLG1A==

levenary@^1.1.1:
  version "1.1.1"
  resolved "https://registry.yarnpkg.com/levenary/-/levenary-1.1.1.tgz#842a9ee98d2075aa7faeedbe32679e9205f46f77"
  integrity sha512-mkAdOIt79FD6irqjYSs4rdbnlT5vRonMEvBVPVb3XmevfS8kgRXwfes0dhPdEtzTWD/1eNE/Bm/G1iRt6DcnQQ==
  dependencies:
    leven "^3.1.0"

locate-path@^2.0.0:
  version "2.0.0"
  resolved "https://registry.yarnpkg.com/locate-path/-/locate-path-2.0.0.tgz#2b568b265eec944c6d9c0de9c3dbbbca0354cd8e"
  integrity sha1-K1aLJl7slExtnA3pw9u7ygNUzY4=
  dependencies:
    p-locate "^2.0.0"
    path-exists "^3.0.0"

lodash@^4.17.19:
  version "4.17.19"
  resolved "https://registry.yarnpkg.com/lodash/-/lodash-4.17.19.tgz#e48ddedbe30b3321783c5b4301fbd353bc1e4a4b"
  integrity sha512-JNvd8XER9GQX0v2qJgsaN/mzFCNA5BRe/j8JN9d+tWyGLSodKQHKFicdwNYzWwI3wjRnaKPsGj1XkBjx/F96DQ==

loose-envify@^1.0.0:
  version "1.4.0"
  resolved "https://registry.yarnpkg.com/loose-envify/-/loose-envify-1.4.0.tgz#71ee51fa7be4caec1a63839f7e682d8132d30caf"
  integrity sha512-lyuxPGr/Wfhrlem2CL/UcnUc1zcqKAImBDzukY7Y5F/yQiNdko6+fRLevlw1HgMySw7f611UIY408EtxRSoK3Q==
  dependencies:
    js-tokens "^3.0.0 || ^4.0.0"

mdn-browser-compat-data@1.0.31:
  version "1.0.31"
  resolved "https://registry.yarnpkg.com/mdn-browser-compat-data/-/mdn-browser-compat-data-1.0.31.tgz#4bc736252fafcafc182f9dd43b105d6795b9a28e"
  integrity sha512-GVQQYWgoH3jbBaIy8M4hrg34qaNpPedtZvwAjUmkpHq4FXKKCea8Ji5rlS32YJSU9dt7TPvuWWX7Cce5mZyFPA==
  dependencies:
    extend "3.0.2"

node-releases@^1.1.53:
  version "1.1.55"
  resolved "https://registry.yarnpkg.com/node-releases/-/node-releases-1.1.55.tgz#8af23b7c561d8e2e6e36a46637bab84633b07cee"
  integrity sha512-H3R3YR/8TjT5WPin/wOoHOUPHgvj8leuU/Keta/rwelEQN9pA/S2Dx8/se4pZ2LBxSd0nAGzsNzhqwa77v7F1w==

p-limit@^1.1.0:
  version "1.3.0"
  resolved "https://registry.yarnpkg.com/p-limit/-/p-limit-1.3.0.tgz#b86bd5f0c25690911c7590fcbfc2010d54b3ccb8"
  integrity sha512-vvcXsLAJ9Dr5rQOPk7toZQZJApBl2K4J6dANSsEuh6QI41JYcsS/qhTGa9ErIUUgK3WNQoJYvylxvjqmiqEA9Q==
  dependencies:
    p-try "^1.0.0"

p-locate@^2.0.0:
  version "2.0.0"
  resolved "https://registry.yarnpkg.com/p-locate/-/p-locate-2.0.0.tgz#20a0103b222a70c8fd39cc2e580680f3dde5ec43"
  integrity sha1-IKAQOyIqcMj9OcwuWAaA893l7EM=
  dependencies:
    p-limit "^1.1.0"

p-try@^1.0.0:
  version "1.0.0"
  resolved "https://registry.yarnpkg.com/p-try/-/p-try-1.0.0.tgz#cbc79cdbaf8fd4228e13f621f2b1a237c1b207b3"
  integrity sha1-y8ec26+P1CKOE/Yh8rGiN8GyB7M=

path-exists@^3.0.0:
  version "3.0.0"
  resolved "https://registry.yarnpkg.com/path-exists/-/path-exists-3.0.0.tgz#ce0ebeaa5f78cb18925ea7d810d7b59b010fd515"
  integrity sha1-zg6+ql94yxiSXqfYENe1mwEP1RU=

pkg-up@^2.0.0:
  version "2.0.0"
  resolved "https://registry.yarnpkg.com/pkg-up/-/pkg-up-2.0.0.tgz#c819ac728059a461cab1c3889a2be3c49a004d7f"
  integrity sha1-yBmscoBZpGHKscOImivjxJoATX8=
  dependencies:
    find-up "^2.1.0"

semver@^5.5.0:
  version "5.7.1"
  resolved "https://registry.yarnpkg.com/semver/-/semver-5.7.1.tgz#a954f931aeba508d307bbf069eff0c01c96116f7"
  integrity sha512-sauaDf/PZdVgrLTNYHRtpXa1iRiKcaebiKQ1BJdpQlWH2lCvexQdX55snPFyK7QzpudqbCI0qXFfOasHdyNDGQ==
